<?xml version="1.0" encoding="utf-8"?>
<Project ToolsVersion="4.0" xmlns="http://schemas.microsoft.com/developer/msbuild/2003">
  <ItemGroup>
    <Filter Include="源文件">
      <UniqueIdentifier>{4FC737F1-C7A5-4376-A066-2A32D752A2FF}</UniqueIdentifier>
      <Extensions>cpp;c;cc;cxx;c++;cppm;ixx;def;odl;idl;hpj;bat;asm;asmx</Extensions>
    </Filter>
    <Filter Include="头文件">
      <UniqueIdentifier>{93995380-89BD-4b04-88EB-625FBE52EBFB}</UniqueIdentifier>
      <Extensions>h;hh;hpp;hxx;h++;hm;inl;inc;ipp;xsd</Extensions>
    </Filter>
    <Filter Include="资源文件">
      <UniqueIdentifier>{67DA6AB6-F800-4c08-8B7A-83BB121AAD01}</UniqueIdentifier>
      <Extensions>rc;ico;cur;bmp;dlg;rc2;rct;bin;rgs;gif;jpg;jpeg;jpe;resx;tiff;tif;png;wav;mfcribbon-ms</Extensions>
    </Filter>
    <Filter Include="头文件\Login">
      <UniqueIdentifier>{61a2affb-68a0-4034-a6aa-d9020bd744aa}</UniqueIdentifier>
    </Filter>
    <Filter Include="头文件\File">
      <UniqueIdentifier>{b241a347-6f98-4032-b291-847a951f511b}</UniqueIdentifier>
    </Filter>
    <Filter Include="头文件\model">
      <UniqueIdentifier>{0c1a9fcb-f99e-456b-8fc6-beb4b994e442}</UniqueIdentifier>
    </Filter>
    <Filter Include="源文件\Login">
      <UniqueIdentifier>{9e2b80e2-a4b0-41f8-aa62-45ee35bfe5b9}</UniqueIdentifier>
    </Filter>
    <Filter Include="源文件\FIle">
      <UniqueIdentifier>{fee9743c-20df-4d94-9995-01014e7ede0a}</UniqueIdentifier>
    </Filter>
    <Filter Include="资源文件\Record">
      <UniqueIdentifier>{681c3f07-550d-412e-bb26-dd70ac80da6f}</UniqueIdentifier>
    </Filter>
  </ItemGroup>
  <ItemGroup>
    <ClCompile Include="GameRun.cpp">
      <Filter>源文件</Filter>
    </ClCompile>
    <ClCompile Include="Login.cpp">
      <Filter>源文件\Login</Filter>
    </ClCompile>
    <ClCompile Include="File.cpp">
      <Filter>源文件\FIle</Filter>
    </ClCompile>
  </ItemGroup>
  <ItemGroup>
    <ClInclude Include="Login.h">
      <Filter>头文件\Login</Filter>
    </ClInclude>
    <ClInclude Include="File.h">
      <Filter>头文件\File</Filter>
    </ClInclude>
  </ItemGroup>
  <ItemGroup>
    <Text Include="开发规划.txt">
      <Filter>资源文件</Filter>
    </Text>
  </ItemGroup>
</Project>